// !$*UTF8*$!
{
	archiveVersion = 1;
	classes = {
	};
	objectVersion = 48;
	objects = {

/* Begin PBXBuildFile section */
		9DA248F4F1A7A91D26347E1E /* Pods_HastenTest.framework in Frameworks */ = {isa = PBXBuildFile; fileRef = 51A9509F6CB95A4C974CB829 /* Pods_HastenTest.framework */; };
		AF75A4AB2017C4C5003ABD10 /* PlayerViewController.swift in Sources */ = {isa = PBXBuildFile; fileRef = AF75A4A92017C4C5003ABD10 /* PlayerViewController.swift */; };
		AF75A4AC2017C4C5003ABD10 /* PlayerViewController.xib in Resources */ = {isa = PBXBuildFile; fileRef = AF75A4AA2017C4C5003ABD10 /* PlayerViewController.xib */; };
		AF75A4B02017C4EF003ABD10 /* PlayerTableViewCell.swift in Sources */ = {isa = PBXBuildFile; fileRef = AF75A4AE2017C4EF003ABD10 /* PlayerTableViewCell.swift */; };
		AF75A4B12017C4EF003ABD10 /* PlayerTableViewCell.xib in Resources */ = {isa = PBXBuildFile; fileRef = AF75A4AF2017C4EF003ABD10 /* PlayerTableViewCell.xib */; };
		AF75A4B42017C9A8003ABD10 /* WebServiceLayer.swift in Sources */ = {isa = PBXBuildFile; fileRef = AF75A4B32017C9A8003ABD10 /* WebServiceLayer.swift */; };
		AFB198142017A29C00053C87 /* AppDelegate.swift in Sources */ = {isa = PBXBuildFile; fileRef = AFB198132017A29C00053C87 /* AppDelegate.swift */; };
		AFB1981B2017A29C00053C87 /* Assets.xcassets in Resources */ = {isa = PBXBuildFile; fileRef = AFB1981A2017A29C00053C87 /* Assets.xcassets */; };
		AFB1981E2017A29C00053C87 /* LaunchScreen.storyboard in Resources */ = {isa = PBXBuildFile; fileRef = AFB1981C2017A29C00053C87 /* LaunchScreen.storyboard */; };
		AFB198272017A2BE00053C87 /* Sports.swift in Sources */ = {isa = PBXBuildFile; fileRef = AFB198262017A2BE00053C87 /* Sports.swift */; };
		AFB198292017A2E900053C87 /* Player.swift in Sources */ = {isa = PBXBuildFile; fileRef = AFB198282017A2E900053C87 /* Player.swift */; };
		AFB1982C2017A41100053C87 /* SportViewController.swift in Sources */ = {isa = PBXBuildFile; fileRef = AFB1982A2017A41100053C87 /* SportViewController.swift */; };
		AFB1982D2017A41100053C87 /* SportViewController.xib in Resources */ = {isa = PBXBuildFile; fileRef = AFB1982B2017A41100053C87 /* SportViewController.xib */; };
		AFB198312017A75100053C87 /* players.json in Resources */ = {isa = PBXBuildFile; fileRef = AFB1982F2017A74D00053C87 /* players.json */; };
/* End PBXBuildFile section */

/* Begin PBXFileReference section */
		14F907EFDB4F96D2907C8D9A /* Pods-HastenTest.release.xcconfig */ = {isa = PBXFileReference; includeInIndex = 1; lastKnownFileType = text.xcconfig; name = "Pods-HastenTest.release.xcconfig"; path = "Pods/Target Support Files/Pods-HastenTest/Pods-HastenTest.release.xcconfig"; sourceTree = "<group>"; };
		51A9509F6CB95A4C974CB829 /* Pods_HastenTest.framework */ = {isa = PBXFileReference; explicitFileType = wrapper.framework; includeInIndex = 0; path = Pods_HastenTest.framework; sourceTree = BUILT_PRODUCTS_DIR; };
		75BDBBE8365A94F9AF22A44B /* Pods-HastenTest.debug.xcconfig */ = {isa = PBXFileReference; includeInIndex = 1; lastKnownFileType = text.xcconfig; name = "Pods-HastenTest.debug.xcconfig"; path = "Pods/Target Support Files/Pods-HastenTest/Pods-HastenTest.debug.xcconfig"; sourceTree = "<group>"; };
		AF75A4A92017C4C5003ABD10 /* PlayerViewController.swift */ = {isa = PBXFileReference; lastKnownFileType = sourcecode.swift; path = PlayerViewController.swift; sourceTree = "<group>"; };
		AF75A4AA2017C4C5003ABD10 /* PlayerViewController.xib */ = {isa = PBXFileReference; lastKnownFileType = file.xib; path = PlayerViewController.xib; sourceTree = "<group>"; };
		AF75A4AE2017C4EF003ABD10 /* PlayerTableViewCell.swift */ = {isa = PBXFileReference; lastKnownFileType = sourcecode.swift; path = PlayerTableViewCell.swift; sourceTree = "<group>"; };
		AF75A4AF2017C4EF003ABD10 /* PlayerTableViewCell.xib */ = {isa = PBXFileReference; lastKnownFileType = file.xib; path = PlayerTableViewCell.xib; sourceTree = "<group>"; };
		AF75A4B32017C9A8003ABD10 /* WebServiceLayer.swift */ = {isa = PBXFileReference; lastKnownFileType = sourcecode.swift; path = WebServiceLayer.swift; sourceTree = "<group>"; };
		AFB198102017A29C00053C87 /* HastenTest.app */ = {isa = PBXFileReference; explicitFileType = wrapper.application; includeInIndex = 0; path = HastenTest.app; sourceTree = BUILT_PRODUCTS_DIR; };
		AFB198132017A29C00053C87 /* AppDelegate.swift */ = {isa = PBXFileReference; lastKnownFileType = sourcecode.swift; path = AppDelegate.swift; sourceTree = "<group>"; };
		AFB1981A2017A29C00053C87 /* Assets.xcassets */ = {isa = PBXFileReference; lastKnownFileType = folder.assetcatalog; path = Assets.xcassets; sourceTree = "<group>"; };
		AFB1981D2017A29C00053C87 /* Base */ = {isa = PBXFileReference; lastKnownFileType = file.storyboard; name = Base; path = Base.lproj/LaunchScreen.storyboard; sourceTree = "<group>"; };
		AFB1981F2017A29C00053C87 /* Info.plist */ = {isa = PBXFileReference; lastKnownFileType = text.plist.xml; path = Info.plist; sourceTree = "<group>"; };
		AFB198262017A2BE00053C87 /* Sports.swift */ = {isa = PBXFileReference; lastKnownFileType = sourcecode.swift; path = Sports.swift; sourceTree = "<group>"; };
		AFB198282017A2E900053C87 /* Player.swift */ = {isa = PBXFileReference; lastKnownFileType = sourcecode.swift; path = Player.swift; sourceTree = "<group>"; };
		AFB1982A2017A41100053C87 /* SportViewController.swift */ = {isa = PBXFileReference; lastKnownFileType = sourcecode.swift; path = SportViewController.swift; sourceTree = "<group>"; };
		AFB1982B2017A41100053C87 /* SportViewController.xib */ = {isa = PBXFileReference; lastKnownFileType = file.xib; path = SportViewController.xib; sourceTree = "<group>"; };
		AFB1982F2017A74D00053C87 /* players.json */ = {isa = PBXFileReference; fileEncoding = 4; lastKnownFileType = text.json; path = players.json; sourceTree = "<group>"; };
/* End PBXFileReference section */

/* Begin PBXFrameworksBuildPhase section */
		AFB1980D2017A29C00053C87 /* Frameworks */ = {
			isa = PBXFrameworksBuildPhase;
			buildActionMask = 2147483647;
			files = (
				9DA248F4F1A7A91D26347E1E /* Pods_HastenTest.framework in Frameworks */,
			);
			runOnlyForDeploymentPostprocessing = 0;
		};
/* End PBXFrameworksBuildPhase section */

/* Begin PBXGroup section */
		149C238008218184C7BAF4D1 /* Pods */ = {
			isa = PBXGroup;
			children = (
				75BDBBE8365A94F9AF22A44B /* Pods-HastenTest.debug.xcconfig */,
				14F907EFDB4F96D2907C8D9A /* Pods-HastenTest.release.xcconfig */,
			);
			name = Pods;
			sourceTree = "<group>";
		};
		33E869EADBDBF739ABD0D5B5 /* Frameworks */ = {
			isa = PBXGroup;
			children = (
				51A9509F6CB95A4C974CB829 /* Pods_HastenTest.framework */,
			);
			name = Frameworks;
			sourceTree = "<group>";
		};
		AF75A4A72017C238003ABD10 /* Sports */ = {
			isa = PBXGroup;
			children = (
				AFB1982A2017A41100053C87 /* SportViewController.swift */,
				AFB1982B2017A41100053C87 /* SportViewController.xib */,
			);
			path = Sports;
			sourceTree = "<group>";
		};
		AF75A4A82017C248003ABD10 /* Player */ = {
			isa = PBXGroup;
			children = (
				AF75A4AD2017C4D0003ABD10 /* Cell */,
				AF75A4A92017C4C5003ABD10 /* PlayerViewController.swift */,
				AF75A4AA2017C4C5003ABD10 /* PlayerViewController.xib */,
			);
			path = Player;
			sourceTree = "<group>";
		};
		AF75A4AD2017C4D0003ABD10 /* Cell */ = {
			isa = PBXGroup;
			children = (
				AF75A4AE2017C4EF003ABD10 /* PlayerTableViewCell.swift */,
				AF75A4AF2017C4EF003ABD10 /* PlayerTableViewCell.xib */,
			);
			path = Cell;
			sourceTree = "<group>";
		};
		AFB198072017A29C00053C87 = {
			isa = PBXGroup;
			children = (
				AFB198122017A29C00053C87 /* HastenTest */,
				AFB198112017A29C00053C87 /* Products */,
				149C238008218184C7BAF4D1 /* Pods */,
				33E869EADBDBF739ABD0D5B5 /* Frameworks */,
			);
			sourceTree = "<group>";
		};
		AFB198112017A29C00053C87 /* Products */ = {
			isa = PBXGroup;
			children = (
				AFB198102017A29C00053C87 /* HastenTest.app */,
			);
			name = Products;
			sourceTree = "<group>";
		};
		AFB198122017A29C00053C87 /* HastenTest */ = {
			isa = PBXGroup;
			children = (
				AFB1982F2017A74D00053C87 /* players.json */,
				AFB198252017A2AE00053C87 /* Models */,
				AFB1982E2017A41700053C87 /* Views */,
				AFB198132017A29C00053C87 /* AppDelegate.swift */,
				AFB1981A2017A29C00053C87 /* Assets.xcassets */,
				AFB1981C2017A29C00053C87 /* LaunchScreen.storyboard */,
				AFB1981F2017A29C00053C87 /* Info.plist */,
			);
			path = HastenTest;
			sourceTree = "<group>";
		};
		AFB198252017A2AE00053C87 /* Models */ = {
			isa = PBXGroup;
			children = (
				AFB198262017A2BE00053C87 /* Sports.swift */,
				AFB198282017A2E900053C87 /* Player.swift */,
				AF75A4B32017C9A8003ABD10 /* WebServiceLayer.swift */,
			);
			path = Models;
			sourceTree = "<group>";
		};
		AFB1982E2017A41700053C87 /* Views */ = {
			isa = PBXGroup;
			children = (
				AF75A4A82017C248003ABD10 /* Player */,
				AF75A4A72017C238003ABD10 /* Sports */,
			);
			path = Views;
			sourceTree = "<group>";
		};
/* End PBXGroup section */

/* Begin PBXNativeTarget section */
		AFB1980F2017A29C00053C87 /* HastenTest */ = {
			isa = PBXNativeTarget;
			buildConfigurationList = AFB198222017A29C00053C87 /* Build configuration list for PBXNativeTarget "HastenTest" */;
			buildPhases = (
				1D4B9F53401268CFB4EEC331 /* [CP] Check Pods Manifest.lock */,
				AFB1980C2017A29C00053C87 /* Sources */,
				AFB1980D2017A29C00053C87 /* Frameworks */,
				AFB1980E2017A29C00053C87 /* Resources */,
				EFB15005D3B67145EE220002 /* [CP] Embed Pods Frameworks */,
				BBB22897BB6D9610D120C909 /* [CP] Copy Pods Resources */,
			);
			buildRules = (
			);
			dependencies = (
			);
			name = HastenTest;
			productName = HastenTest;
			productReference = AFB198102017A29C00053C87 /* HastenTest.app */;
			productType = "com.apple.product-type.application";
		};
/* End PBXNativeTarget section */

/* Begin PBXProject section */
		AFB198082017A29C00053C87 /* Project object */ = {
			isa = PBXProject;
			attributes = {
				LastSwiftUpdateCheck = 0920;
				LastUpgradeCheck = 0920;
				ORGANIZATIONNAME = com.nacho;
				TargetAttributes = {
					AFB1980F2017A29C00053C87 = {
						CreatedOnToolsVersion = 9.2;
						ProvisioningStyle = Automatic;
					};
				};
			};
			buildConfigurationList = AFB1980B2017A29C00053C87 /* Build configuration list for PBXProject "HastenTest" */;
			compatibilityVersion = "Xcode 8.0";
			developmentRegion = en;
			hasScannedForEncodings = 0;
			knownRegions = (
				en,
				Base,
			);
			mainGroup = AFB198072017A29C00053C87;
			productRefGroup = AFB198112017A29C00053C87 /* Products */;
			projectDirPath = "";
			projectRoot = "";
			targets = (
				AFB1980F2017A29C00053C87 /* HastenTest */,
			);
		};
/* End PBXProject section */

/* Begin PBXResourcesBuildPhase section */
		AFB1980E2017A29C00053C87 /* Resources */ = {
			isa = PBXResourcesBuildPhase;
			buildActionMask = 2147483647;
			files = (
				AFB198312017A75100053C87 /* players.json in Resources */,
				AF75A4AC2017C4C5003ABD10 /* PlayerViewController.xib in Resources */,
				AF75A4B12017C4EF003ABD10 /* PlayerTableViewCell.xib in Resources */,
				AFB1981E2017A29C00053C87 /* LaunchScreen.storyboard in Resources */,
				AFB1981B2017A29C00053C87 /* Assets.xcassets in Resources */,
				AFB1982D2017A41100053C87 /* SportViewController.xib in Resources */,
			);
			runOnlyForDeploymentPostprocessing = 0;
		};
/* End PBXResourcesBuildPhase section */

/* Begin PBXShellScriptBuildPhase section */
		1D4B9F53401268CFB4EEC331 /* [CP] Check Pods Manifest.lock */ = {
			isa = PBXShellScriptBuildPhase;
			buildActionMask = 2147483647;
			files = (
			);
			inputPaths = (
			);
			name = "[CP] Check Pods Manifest.lock";
			outputPaths = (
			);
			runOnlyForDeploymentPostprocessing = 0;
			shellPath = /bin/sh;
			shellScript = "diff \"${PODS_PODFILE_DIR_PATH}/Podfile.lock\" \"${PODS_ROOT}/Manifest.lock\" > /dev/null\nif [ $? != 0 ] ; then\n    # print error to STDERR\n    echo \"error: The sandbox is not in sync with the Podfile.lock. Run 'pod install' or update your CocoaPods installation.\" >&2\n    exit 1\nfi\n";
			showEnvVarsInLog = 0;
		};
		BBB22897BB6D9610D120C909 /* [CP] Copy Pods Resources */ = {
			isa = PBXShellScriptBuildPhase;
			buildActionMask = 2147483647;
			files = (
			);
			inputPaths = (
			);
			name = "[CP] Copy Pods Resources";
			outputPaths = (
			);
			runOnlyForDeploymentPostprocessing = 0;
			shellPath = /bin/sh;
			shellScript = "\"${SRCROOT}/Pods/Target Support Files/Pods-HastenTest/Pods-HastenTest-resources.sh\"\n";
			showEnvVarsInLog = 0;
		};
		EFB15005D3B67145EE220002 /* [CP] Embed Pods Frameworks */ = {
			isa = PBXShellScriptBuildPhase;
			buildActionMask = 2147483647;
			files = (
			);
			inputPaths = (
			);
			name = "[CP] Embed Pods Frameworks";
			outputPaths = (
			);
			runOnlyForDeploymentPostprocessing = 0;
			shellPath = /bin/sh;
			shellScript = "\"${SRCROOT}/Pods/Target Support Files/Pods-HastenTest/Pods-HastenTest-frameworks.sh\"\n";
			showEnvVarsInLog = 0;
		};
/* End PBXShellScriptBuildPhase section */

/* Begin PBXSourcesBuildPhase section */
		AFB1980C2017A29C00053C87 /* Sources */ = {
			isa = PBXSourcesBuildPhase;
			buildActionMask = 2147483647;
			files = (
				AF75A4B02017C4EF003ABD10 /* PlayerTableViewCell.swift in Sources */,
				AFB198292017A2E900053C87 /* Player.swift in Sources */,
				AF75A4B42017C9A8003ABD10 /* WebServiceLayer.swift in Sources */,
				AFB1982C2017A41100053C87 /* SportViewController.swift in Sources */,
				AFB198272017A2BE00053C87 /* Sports.swift in Sources */,
				AFB198142017A29C00053C87 /* AppDelegate.swift in Sources */,
				AF75A4AB2017C4C5003ABD10 /* PlayerViewController.swift in Sources */,
			);
			runOnlyForDeploymentPostprocessing = 0;
		};
/* End PBXSourcesBuildPhase section */

/* Begin PBXVariantGroup section */
		AFB1981C2017A29C00053C87 /* LaunchScreen.storyboard */ = {
			isa = PBXVariantGroup;
			children = (
				AFB1981D2017A29C00053C87 /* Base */,
			);
			name = LaunchScreen.storyboard;
			sourceTree = "<group>";
		};
/* End PBXVariantGroup section */

/* Begin XCBuildConfiguration section */
		AFB198202017A29C00053C87 /* Debug */ = {
			isa = XCBuildConfiguration;
			buildSettings = {
				ALWAYS_SEARCH_USER_PATHS = NO;
				CLANG_ANALYZER_NONNULL = YES;
				CLANG_ANALYZER_NUMBER_OBJECT_CONVERSION = YES_AGGRESSIVE;
				CLANG_CXX_LANGUAGE_STANDARD = "gnu++14";
				CLANG_CXX_LIBRARY = "libc++";
				CLANG_ENABLE_MODULES = YES;
				CLANG_ENABLE_OBJC_ARC = YES;
				CLANG_WARN_BLOCK_CAPTURE_AUTORELEASING = YES;
				CLANG_WARN_BOOL_CONVERSION = YES;
				CLANG_WARN_COMMA = YES;
				CLANG_WARN_CONSTANT_CONVERSION = YES;
				CLANG_WARN_DIRECT_OBJC_ISA_USAGE = YES_ERROR;
				CLANG_WARN_DOCUMENTATION_COMMENTS = YES;
				CLANG_WARN_EMPTY_BODY = YES;
				CLANG_WARN_ENUM_CONVERSION = YES;
				CLANG_WARN_INFINITE_RECURSION = YES;
				CLANG_WARN_INT_CONVERSION = YES;
				CLANG_WARN_NON_LITERAL_NULL_CONVERSION = YES;
				CLANG_WARN_OBJC_LITERAL_CONVERSION = YES;
				CLANG_WARN_OBJC_ROOT_CLASS = YES_ERROR;
				CLANG_WARN_RANGE_LOOP_ANALYSIS = YES;
				CLANG_WARN_STRICT_PROTOTYPES = YES;
				CLANG_WARN_SUSPICIOUS_MOVE = YES;
				CLANG_WARN_UNGUARDED_AVAILABILITY = YES_AGGRESSIVE;
				CLANG_WARN_UNREACHABLE_CODE = YES;
				CLANG_WARN__DUPLICATE_METHOD_MATCH = YES;
				CODE_SIGN_IDENTITY = "iPhone Developer";
				COPY_PHASE_STRIP = NO;
				DEBUG_INFORMATION_FORMAT = dwarf;
				ENABLE_STRICT_OBJC_MSGSEND = YES;
				ENABLE_TESTABILITY = YES;
				GCC_C_LANGUAGE_STANDARD = gnu11;
				GCC_DYNAMIC_NO_PIC = NO;
				GCC_NO_COMMON_BLOCKS = YES;
				GCC_OPTIMIZATION_LEVEL = 0;
				GCC_PREPROCESSOR_DEFINITIONS = (
					"DEBUG=1",
					"$(inherited)",
				);
				GCC_WARN_64_TO_32_BIT_CONVERSION = YES;
				GCC_WARN_ABOUT_RETURN_TYPE = YES_ERROR;
				GCC_WARN_UNDECLARED_SELECTOR = YES;
				GCC_WARN_UNINITIALIZED_AUTOS = YES_AGGRESSIVE;
				GCC_WARN_UNUSED_FUNCTION = YES;
				GCC_WARN_UNUSED_VARIABLE = YES;
				IPHONEOS_DEPLOYMENT_TARGET = 9.0;
				MTL_ENABLE_DEBUG_INFO = YES;
				ONLY_ACTIVE_ARCH = YES;
				SDKROOT = iphoneos;
				SWIFT_ACTIVE_COMPILATION_CONDITIONS = DEBUG;
				SWIFT_OPTIMIZATION_LEVEL = "-Onone";
			};
			name = Debug;
		};
		AFB198212017A29C00053C87 /* Release */ = {
			isa = XCBuildConfiguration;
			buildSettings = {
				ALWAYS_SEARCH_USER_PATHS = NO;
				CLANG_ANALYZER_NONNULL = YES;
				CLANG_ANALYZER_NUMBER_OBJECT_CONVERSION = YES_AGGRESSIVE;
				CLANG_CXX_LANGUAGE_STANDARD = "gnu++14";
				CLANG_CXX_LIBRARY = "libc++";
				CLANG_ENABLE_MODULES = YES;
				CLANG_ENABLE_OBJC_ARC = YES;
				CLANG_WARN_BLOCK_CAPTURE_AUTORELEASING = YES;
				CLANG_WARN_BOOL_CONVERSION = YES;
				CLANG_WARN_COMMA = YES;
				CLANG_WARN_CONSTANT_CONVERSION = YES;
				CLANG_WARN_DIRECT_OBJC_ISA_USAGE = YES_ERROR;
				CLANG_WARN_DOCUMENTATION_COMMENTS = YES;
				CLANG_WARN_EMPTY_BODY = YES;
				CLANG_WARN_ENUM_CONVERSION = YES;
				CLANG_WARN_INFINITE_RECURSION = YES;
				CLANG_WARN_INT_CONVERSION = YES;
				CLANG_WARN_NON_LITERAL_NULL_CONVERSION = YES;
				CLANG_WARN_OBJC_LITERAL_CONVERSION = YES;
				CLANG_WARN_OBJC_ROOT_CLASS = YES_ERROR;
				CLANG_WARN_RANGE_LOOP_ANALYSIS = YES;
				CLANG_WARN_STRICT_PROTOTYPES = YES;
				CLANG_WARN_SUSPICIOUS_MOVE = YES;
				CLANG_WARN_UNGUARDED_AVAILABILITY = YES_AGGRESSIVE;
				CLANG_WARN_UNREACHABLE_CODE = YES;
				CLANG_WARN__DUPLICATE_METHOD_MATCH = YES;
				CODE_SIGN_IDENTITY = "iPhone Developer";
				COPY_PHASE_STRIP = NO;
				DEBUG_INFORMATION_FORMAT = "dwarf-with-dsym";
				ENABLE_NS_ASSERTIONS = NO;
				ENABLE_STRICT_OBJC_MSGSEND = YES;
				GCC_C_LANGUAGE_STANDARD = gnu11;
				GCC_NO_COMMON_BLOCKS = YES;
				GCC_WARN_64_TO_32_BIT_CONVERSION = YES;
				GCC_WARN_ABOUT_RETURN_TYPE = YES_ERROR;
				GCC_WARN_UNDECLARED_SELECTOR = YES;
				GCC_WARN_UNINITIALIZED_AUTOS = YES_AGGRESSIVE;
				GCC_WARN_UNUSED_FUNCTION = YES;
				GCC_WARN_UNUSED_VARIABLE = YES;
				IPHONEOS_DEPLOYMENT_TARGET = 9.0;
				MTL_ENABLE_DEBUG_INFO = NO;
				SDKROOT = iphoneos;
				SWIFT_OPTIMIZATION_LEVEL = "-Owholemodule";
				VALIDATE_PRODUCT = YES;
			};
			name = Release;
		};
		AFB198232017A29C00053C87 /* Debug */ = {
			isa = XCBuildConfiguration;
			baseConfigurationReference = 75BDBBE8365A94F9AF22A44B /* Pods-HastenTest.debug.xcconfig */;
			buildSettings = {
				ASSETCATALOG_COMPILER_APPICON_NAME = AppIcon;
				CODE_SIGN_STYLE = Automatic;
				INFOPLIST_FILE = HastenTest/Info.plist;
				LD_RUNPATH_SEARCH_PATHS = "$(inherited) @executable_path/Frameworks";
				PRODUCT_BUNDLE_IDENTIFIER = com.nacho.HastenTest;
				PRODUCT_NAME = "$(TARGET_NAME)";
				SWIFT_VERSION = 4.0;
				TARGETED_DEVICE_FAMILY = "1,2";
			};
			name = Debug;
		};
		AFB198242017A29C00053C87 /* Release */ = {
			isa = XCBuildConfiguration;
			baseConfigurationReference = 14F907EFDB4F96D2907C8D9A /* Pods-HastenTest.release.xcconfig */;
			buildSettings = {
				ASSETCATALOG_COMPILER_APPICON_NAME = AppIcon;
				CODE_SIGN_STYLE = Automatic;
				INFOPLIST_FILE = HastenTest/Info.plist;
				LD_RUNPATH_SEARCH_PATHS = "$(inherited) @executable_path/Frameworks";
				PRODUCT_BUNDLE_IDENTIFIER = com.nacho.HastenTest;
				PRODUCT_NAME = "$(TARGET_NAME)";
				SWIFT_VERSION = 4.0;
				TARGETED_DEVICE_FAMILY = "1,2";
			};
			name = Release;
		};
/* End XCBuildConfiguration section */

/* Begin XCConfigurationList section */
		AFB1980B2017A29C00053C87 /* Build configuration list for PBXProject "HastenTest" */ = {
			isa = XCConfigurationList;
			buildConfigurations = (
				AFB198202017A29C00053C87 /* Debug */,
				AFB198212017A29C00053C87 /* Release */,
			);
			defaultConfigurationIsVisible = 0;
			defaultConfigurationName = Release;
		};
		AFB198222017A29C00053C87 /* Build configuration list for PBXNativeTarget "HastenTest" */ = {
			isa = XCConfigurationList;
			buildConfigurations = (
				AFB198232017A29C00053C87 /* Debug */,
				AFB198242017A29C00053C87 /* Release */,
			);
			defaultConfigurationIsVisible = 0;
			defaultConfigurationName = Release;
		};
/* End XCConfigurationList section */
	};
	rootObject = AFB198082017A29C00053C87 /* Project object */;
}
